
Microsoft Visual Studio Solution File, Format Version 12.00
# Visual Studio 14
VisualStudioVersion = 14.0.25123.0
MinimumVisualStudioVersion = 10.0.40219.1
Project("{FAE04EC0-301F-11D3-BF4B-00C04F79EFBC}") = "NoteAVacation", "NoteAVacation\NoteAVacation.csproj", "{A910CF10-8357-4071-B2DD-9F59778B7D24}"
EndProject
Project("{F184B08F-C81C-45F6-A57F-5ABD9991F28F}") = "WcfMongo", "WcfMongo\WcfMongo.vbproj", "{8328CA39-297A-4D94-9CBC-66BE34D8BCA6}"
EndProject
Project("{F184B08F-C81C-45F6-A57F-5ABD9991F28F}") = "ExpediaSDK", "ExpediaSDK\ExpediaSDK.vbproj", "{4DF4176B-4114-4D05-A4B5-B82CE9809732}"
EndProject
Project("{F184B08F-C81C-45F6-A57F-5ABD9991F28F}") = "NoteAVacationPolling", "NoteAVacationPolling\NoteAVacationPolling.vbproj", "{44AB71B4-71BB-48F8-B43D-796D67418CC1}"
EndProject
Project("{FAE04EC0-301F-11D3-BF4B-00C04F79EFBC}") = "NAVDataAccess", "NAVDataAccess\NAVDataAccess.csproj", "{CD5AEA88-C6DB-4AD9-AB01-CB654A087E1D}"
	ProjectSection(ProjectDependencies) = postProject
		{8328CA39-297A-4D94-9CBC-66BE34D8BCA6} = {8328CA39-297A-4D94-9CBC-66BE34D8BCA6}
	EndProjectSection
EndProject
Global
	GlobalSection(SolutionConfigurationPlatforms) = preSolution
		Debug|Any CPU = Debug|Any CPU
		Debug|ARM = Debug|ARM
		Debug|x64 = Debug|x64
		Debug|x86 = Debug|x86
		Release|Any CPU = Release|Any CPU
		Release|ARM = Release|ARM
		Release|x64 = Release|x64
		Release|x86 = Release|x86
	EndGlobalSection
	GlobalSection(ProjectConfigurationPlatforms) = postSolution
		{A910CF10-8357-4071-B2DD-9F59778B7D24}.Debug|Any CPU.ActiveCfg = Debug|x86
		{A910CF10-8357-4071-B2DD-9F59778B7D24}.Debug|ARM.ActiveCfg = Debug|ARM
		{A910CF10-8357-4071-B2DD-9F59778B7D24}.Debug|ARM.Build.0 = Debug|ARM
		{A910CF10-8357-4071-B2DD-9F59778B7D24}.Debug|ARM.Deploy.0 = Debug|ARM
		{A910CF10-8357-4071-B2DD-9F59778B7D24}.Debug|x64.ActiveCfg = Debug|x64
		{A910CF10-8357-4071-B2DD-9F59778B7D24}.Debug|x64.Build.0 = Debug|x64
		{A910CF10-8357-4071-B2DD-9F59778B7D24}.Debug|x64.Deploy.0 = Debug|x64
		{A910CF10-8357-4071-B2DD-9F59778B7D24}.Debug|x86.ActiveCfg = Debug|x86
		{A910CF10-8357-4071-B2DD-9F59778B7D24}.Debug|x86.Build.0 = Debug|x86
		{A910CF10-8357-4071-B2DD-9F59778B7D24}.Debug|x86.Deploy.0 = Debug|x86
		{A910CF10-8357-4071-B2DD-9F59778B7D24}.Release|Any CPU.ActiveCfg = Release|x86
		{A910CF10-8357-4071-B2DD-9F59778B7D24}.Release|ARM.ActiveCfg = Release|ARM
		{A910CF10-8357-4071-B2DD-9F59778B7D24}.Release|ARM.Build.0 = Release|ARM
		{A910CF10-8357-4071-B2DD-9F59778B7D24}.Release|ARM.Deploy.0 = Release|ARM
		{A910CF10-8357-4071-B2DD-9F59778B7D24}.Release|x64.ActiveCfg = Release|x64
		{A910CF10-8357-4071-B2DD-9F59778B7D24}.Release|x64.Build.0 = Release|x64
		{A910CF10-8357-4071-B2DD-9F59778B7D24}.Release|x64.Deploy.0 = Release|x64
		{A910CF10-8357-4071-B2DD-9F59778B7D24}.Release|x86.ActiveCfg = Release|x86
		{A910CF10-8357-4071-B2DD-9F59778B7D24}.Release|x86.Build.0 = Release|x86
		{A910CF10-8357-4071-B2DD-9F59778B7D24}.Release|x86.Deploy.0 = Release|x86
		{8328CA39-297A-4D94-9CBC-66BE34D8BCA6}.Debug|Any CPU.ActiveCfg = Debug|Any CPU
		{8328CA39-297A-4D94-9CBC-66BE34D8BCA6}.Debug|Any CPU.Build.0 = Debug|Any CPU
		{8328CA39-297A-4D94-9CBC-66BE34D8BCA6}.Debug|ARM.ActiveCfg = Debug|Any CPU
		{8328CA39-297A-4D94-9CBC-66BE34D8BCA6}.Debug|ARM.Build.0 = Debug|Any CPU
		{8328CA39-297A-4D94-9CBC-66BE34D8BCA6}.Debug|x64.ActiveCfg = Debug|Any CPU
		{8328CA39-297A-4D94-9CBC-66BE34D8BCA6}.Debug|x64.Build.0 = Debug|Any CPU
		{8328CA39-297A-4D94-9CBC-66BE34D8BCA6}.Debug|x86.ActiveCfg = Debug|Any CPU
		{8328CA39-297A-4D94-9CBC-66BE34D8BCA6}.Debug|x86.Build.0 = Debug|Any CPU
		{8328CA39-297A-4D94-9CBC-66BE34D8BCA6}.Release|Any CPU.ActiveCfg = Release|Any CPU
		{8328CA39-297A-4D94-9CBC-66BE34D8BCA6}.Release|Any CPU.Build.0 = Release|Any CPU
		{8328CA39-297A-4D94-9CBC-66BE34D8BCA6}.Release|ARM.ActiveCfg = Release|Any CPU
		{8328CA39-297A-4D94-9CBC-66BE34D8BCA6}.Release|ARM.Build.0 = Release|Any CPU
		{8328CA39-297A-4D94-9CBC-66BE34D8BCA6}.Release|x64.ActiveCfg = Release|Any CPU
		{8328CA39-297A-4D94-9CBC-66BE34D8BCA6}.Release|x64.Build.0 = Release|Any CPU
		{8328CA39-297A-4D94-9CBC-66BE34D8BCA6}.Release|x86.ActiveCfg = Release|Any CPU
		{8328CA39-297A-4D94-9CBC-66BE34D8BCA6}.Release|x86.Build.0 = Release|Any CPU
		{4DF4176B-4114-4D05-A4B5-B82CE9809732}.Debug|Any CPU.ActiveCfg = Debug|Any CPU
		{4DF4176B-4114-4D05-A4B5-B82CE9809732}.Debug|Any CPU.Build.0 = Debug|Any CPU
		{4DF4176B-4114-4D05-A4B5-B82CE9809732}.Debug|ARM.ActiveCfg = Debug|Any CPU
		{4DF4176B-4114-4D05-A4B5-B82CE9809732}.Debug|ARM.Build.0 = Debug|Any CPU
		{4DF4176B-4114-4D05-A4B5-B82CE9809732}.Debug|x64.ActiveCfg = Debug|Any CPU
		{4DF4176B-4114-4D05-A4B5-B82CE9809732}.Debug|x64.Build.0 = Debug|Any CPU
		{4DF4176B-4114-4D05-A4B5-B82CE9809732}.Debug|x86.ActiveCfg = Debug|Any CPU
		{4DF4176B-4114-4D05-A4B5-B82CE9809732}.Debug|x86.Build.0 = Debug|Any CPU
		{4DF4176B-4114-4D05-A4B5-B82CE9809732}.Release|Any CPU.ActiveCfg = Release|Any CPU
		{4DF4176B-4114-4D05-A4B5-B82CE9809732}.Release|Any CPU.Build.0 = Release|Any CPU
		{4DF4176B-4114-4D05-A4B5-B82CE9809732}.Release|ARM.ActiveCfg = Release|Any CPU
		{4DF4176B-4114-4D05-A4B5-B82CE9809732}.Release|ARM.Build.0 = Release|Any CPU
		{4DF4176B-4114-4D05-A4B5-B82CE9809732}.Release|x64.ActiveCfg = Release|Any CPU
		{4DF4176B-4114-4D05-A4B5-B82CE9809732}.Release|x64.Build.0 = Release|Any CPU
		{4DF4176B-4114-4D05-A4B5-B82CE9809732}.Release|x86.ActiveCfg = Release|Any CPU
		{4DF4176B-4114-4D05-A4B5-B82CE9809732}.Release|x86.Build.0 = Release|Any CPU
		{44AB71B4-71BB-48F8-B43D-796D67418CC1}.Debug|Any CPU.ActiveCfg = Debug|Any CPU
		{44AB71B4-71BB-48F8-B43D-796D67418CC1}.Debug|Any CPU.Build.0 = Debug|Any CPU
		{44AB71B4-71BB-48F8-B43D-796D67418CC1}.Debug|ARM.ActiveCfg = Debug|Any CPU
		{44AB71B4-71BB-48F8-B43D-796D67418CC1}.Debug|ARM.Build.0 = Debug|Any CPU
		{44AB71B4-71BB-48F8-B43D-796D67418CC1}.Debug|x64.ActiveCfg = Debug|Any CPU
		{44AB71B4-71BB-48F8-B43D-796D67418CC1}.Debug|x64.Build.0 = Debug|Any CPU
		{44AB71B4-71BB-48F8-B43D-796D67418CC1}.Debug|x86.ActiveCfg = Debug|Any CPU
		{44AB71B4-71BB-48F8-B43D-796D67418CC1}.Debug|x86.Build.0 = Debug|Any CPU
		{44AB71B4-71BB-48F8-B43D-796D67418CC1}.Release|Any CPU.ActiveCfg = Release|Any CPU
		{44AB71B4-71BB-48F8-B43D-796D67418CC1}.Release|Any CPU.Build.0 = Release|Any CPU
		{44AB71B4-71BB-48F8-B43D-796D67418CC1}.Release|ARM.ActiveCfg = Release|Any CPU
		{44AB71B4-71BB-48F8-B43D-796D67418CC1}.Release|ARM.Build.0 = Release|Any CPU
		{44AB71B4-71BB-48F8-B43D-796D67418CC1}.Release|x64.ActiveCfg = Release|Any CPU
		{44AB71B4-71BB-48F8-B43D-796D67418CC1}.Release|x64.Build.0 = Release|Any CPU
		{44AB71B4-71BB-48F8-B43D-796D67418CC1}.Release|x86.ActiveCfg = Release|Any CPU
		{44AB71B4-71BB-48F8-B43D-796D67418CC1}.Release|x86.Build.0 = Release|Any CPU
		{CD5AEA88-C6DB-4AD9-AB01-CB654A087E1D}.Debug|Any CPU.ActiveCfg = Debug|Any CPU
		{CD5AEA88-C6DB-4AD9-AB01-CB654A087E1D}.Debug|Any CPU.Build.0 = Debug|Any CPU
		{CD5AEA88-C6DB-4AD9-AB01-CB654A087E1D}.Debug|ARM.ActiveCfg = Debug|Any CPU
		{CD5AEA88-C6DB-4AD9-AB01-CB654A087E1D}.Debug|ARM.Build.0 = Debug|Any CPU
		{CD5AEA88-C6DB-4AD9-AB01-CB654A087E1D}.Debug|x64.ActiveCfg = Debug|Any CPU
		{CD5AEA88-C6DB-4AD9-AB01-CB654A087E1D}.Debug|x64.Build.0 = Debug|Any CPU
		{CD5AEA88-C6DB-4AD9-AB01-CB654A087E1D}.Debug|x86.ActiveCfg = Debug|Any CPU
		{CD5AEA88-C6DB-4AD9-AB01-CB654A087E1D}.Debug|x86.Build.0 = Debug|Any CPU
		{CD5AEA88-C6DB-4AD9-AB01-CB654A087E1D}.Release|Any CPU.ActiveCfg = Release|Any CPU
		{CD5AEA88-C6DB-4AD9-AB01-CB654A087E1D}.Release|Any CPU.Build.0 = Release|Any CPU
		{CD5AEA88-C6DB-4AD9-AB01-CB654A087E1D}.Release|ARM.ActiveCfg = Release|Any CPU
		{CD5AEA88-C6DB-4AD9-AB01-CB654A087E1D}.Release|ARM.Build.0 = Release|Any CPU
		{CD5AEA88-C6DB-4AD9-AB01-CB654A087E1D}.Release|x64.ActiveCfg = Release|Any CPU
		{CD5AEA88-C6DB-4AD9-AB01-CB654A087E1D}.Release|x64.Build.0 = Release|Any CPU
		{CD5AEA88-C6DB-4AD9-AB01-CB654A087E1D}.Release|x86.ActiveCfg = Release|Any CPU
		{CD5AEA88-C6DB-4AD9-AB01-CB654A087E1D}.Release|x86.Build.0 = Release|Any CPU
	EndGlobalSection
	GlobalSection(SolutionProperties) = preSolution
		HideSolutionNode = FALSE
	EndGlobalSection
EndGlobal
